
Microsoft Visual Studio Solution File, Format Version 12.00
# Visual Studio Version 17
VisualStudioVersion = 17.0.31919.166
MinimumVisualStudioVersion = 10.0.40219.1
Project("{2150E333-8FDC-42A3-9474-1A3956D46DE8}") = "src", "src", "{8588B8C1-220A-4C61-8840-3F05FFD32AF3}"
EndProject
Project("{2150E333-8FDC-42A3-9474-1A3956D46DE8}") = "1 - Application", "1 - Application", "{2BA9272C-76ED-4407-B64F-85DD45E589B0}"
EndProject
Project("{2150E333-8FDC-42A3-9474-1A3956D46DE8}") = "2 - Domain", "2 - Domain", "{F25C8222-8FCE-405C-AB8F-BEEB69E85E54}"
EndProject
Project("{2150E333-8FDC-42A3-9474-1A3956D46DE8}") = "3 - Services", "3 - Services", "{E115AF1F-F8CF-4F0A-89D5-2602D4663B4D}"
EndProject
Project("{2150E333-8FDC-42A3-9474-1A3956D46DE8}") = "4 - Infrastructure", "4 - Infrastructure", "{2B9A59DE-F2DB-43EB-B10D-4A4EA56AD2E2}"
EndProject
Project("{9A19103F-16F7-4668-BE54-9A1E7A4F7556}") = "FrwkQuickWaitAuth", "src\1 - Application\FrwkQuickWaitAuth\FrwkQuickWaitAuth.csproj", "{44B13854-809A-49CA-A1BE-A62CAAA86857}"
EndProject
Project("{FAE04EC0-301F-11D3-BF4B-00C04F79EFBC}") = "FrwkQuickWait.Domain", "src\2 - Domain\FrwkQuickWait.Domain\FrwkQuickWait.Domain.csproj", "{D5BF0EF9-3CE2-48B2-A98E-0DFDA89F1FC9}"
EndProject
Project("{FAE04EC0-301F-11D3-BF4B-00C04F79EFBC}") = "FrwkQuickWait.Service", "src\3 - Service\FrwkQuickWait.Service\FrwkQuickWait.Service.csproj", "{1EDFE92E-D33F-4FB7-96BA-4E3063A9BB03}"
EndProject
Project("{FAE04EC0-301F-11D3-BF4B-00C04F79EFBC}") = "FrwkQuickWait.Data", "src\4 - Infrastructure\FrwkQuickWait.Data\FrwkQuickWait.Data.csproj", "{E705355B-2386-4220-B77B-04ACB89528CA}"
EndProject
Global
	GlobalSection(SolutionConfigurationPlatforms) = preSolution
		Debug|Any CPU = Debug|Any CPU
		Release|Any CPU = Release|Any CPU
	EndGlobalSection
	GlobalSection(ProjectConfigurationPlatforms) = postSolution
		{44B13854-809A-49CA-A1BE-A62CAAA86857}.Debug|Any CPU.ActiveCfg = Debug|Any CPU
		{44B13854-809A-49CA-A1BE-A62CAAA86857}.Debug|Any CPU.Build.0 = Debug|Any CPU
		{44B13854-809A-49CA-A1BE-A62CAAA86857}.Release|Any CPU.ActiveCfg = Release|Any CPU
		{44B13854-809A-49CA-A1BE-A62CAAA86857}.Release|Any CPU.Build.0 = Release|Any CPU
		{D5BF0EF9-3CE2-48B2-A98E-0DFDA89F1FC9}.Debug|Any CPU.ActiveCfg = Debug|Any CPU
		{D5BF0EF9-3CE2-48B2-A98E-0DFDA89F1FC9}.Debug|Any CPU.Build.0 = Debug|Any CPU
		{D5BF0EF9-3CE2-48B2-A98E-0DFDA89F1FC9}.Release|Any CPU.ActiveCfg = Release|Any CPU
		{D5BF0EF9-3CE2-48B2-A98E-0DFDA89F1FC9}.Release|Any CPU.Build.0 = Release|Any CPU
		{1EDFE92E-D33F-4FB7-96BA-4E3063A9BB03}.Debug|Any CPU.ActiveCfg = Debug|Any CPU
		{1EDFE92E-D33F-4FB7-96BA-4E3063A9BB03}.Debug|Any CPU.Build.0 = Debug|Any CPU
		{1EDFE92E-D33F-4FB7-96BA-4E3063A9BB03}.Release|Any CPU.ActiveCfg = Release|Any CPU
		{1EDFE92E-D33F-4FB7-96BA-4E3063A9BB03}.Release|Any CPU.Build.0 = Release|Any CPU
		{E705355B-2386-4220-B77B-04ACB89528CA}.Debug|Any CPU.ActiveCfg = Debug|Any CPU
		{E705355B-2386-4220-B77B-04ACB89528CA}.Debug|Any CPU.Build.0 = Debug|Any CPU
		{E705355B-2386-4220-B77B-04ACB89528CA}.Release|Any CPU.ActiveCfg = Release|Any CPU
		{E705355B-2386-4220-B77B-04ACB89528CA}.Release|Any CPU.Build.0 = Release|Any CPU
	EndGlobalSection
	GlobalSection(SolutionProperties) = preSolution
		HideSolutionNode = FALSE
	EndGlobalSection
	GlobalSection(NestedProjects) = preSolution
		{2BA9272C-76ED-4407-B64F-85DD45E589B0} = {8588B8C1-220A-4C61-8840-3F05FFD32AF3}
		{F25C8222-8FCE-405C-AB8F-BEEB69E85E54} = {8588B8C1-220A-4C61-8840-3F05FFD32AF3}
		{E115AF1F-F8CF-4F0A-89D5-2602D4663B4D} = {8588B8C1-220A-4C61-8840-3F05FFD32AF3}
		{2B9A59DE-F2DB-43EB-B10D-4A4EA56AD2E2} = {8588B8C1-220A-4C61-8840-3F05FFD32AF3}
		{44B13854-809A-49CA-A1BE-A62CAAA86857} = {2BA9272C-76ED-4407-B64F-85DD45E589B0}
		{D5BF0EF9-3CE2-48B2-A98E-0DFDA89F1FC9} = {F25C8222-8FCE-405C-AB8F-BEEB69E85E54}
		{1EDFE92E-D33F-4FB7-96BA-4E3063A9BB03} = {E115AF1F-F8CF-4F0A-89D5-2602D4663B4D}
		{E705355B-2386-4220-B77B-04ACB89528CA} = {2B9A59DE-F2DB-43EB-B10D-4A4EA56AD2E2}
	EndGlobalSection
	GlobalSection(ExtensibilityGlobals) = postSolution
		SolutionGuid = {0286005C-4F94-4AE6-8C8C-76FB85F532C6}
	EndGlobalSection
EndGlobal
