
Microsoft Visual Studio Solution File, Format Version 12.00
# Visual Studio Version 17
VisualStudioVersion = 17.0.31919.166
MinimumVisualStudioVersion = 10.0.40219.1
Project("{2150E333-8FDC-42A3-9474-1A3956D46DE8}") = "src", "src", "{8588B8C1-220A-4C61-8840-3F05FFD32AF3}"
EndProject
Project("{9A19103F-16F7-4668-BE54-9A1E7A4F7556}") = "FrwkQuickWaitAuth", "src\FrwkQuickWaitAuth\FrwkQuickWaitAuth.csproj", "{44B13854-809A-49CA-A1BE-A62CAAA86857}"
EndProject
Project("{9A19103F-16F7-4668-BE54-9A1E7A4F7556}") = "FrwkQuickWait.Domain", "src\FrwkQuickWait.Domain\FrwkQuickWait.Domain.csproj", "{D5BF0EF9-3CE2-48B2-A98E-0DFDA89F1FC9}"
EndProject
Project("{9A19103F-16F7-4668-BE54-9A1E7A4F7556}") = "FrwkQuickWait.Infrastructure", "src\FrwkQuickWait.Infrastructure\FrwkQuickWait.Infrastructure.csproj", "{EBE771CB-937C-4C3E-A522-F7C20C62224D}"
EndProject
Project("{9A19103F-16F7-4668-BE54-9A1E7A4F7556}") = "FrwkQuickWait.Application", "src\FrwkQuickWait.Application\FrwkQuickWait.Application.csproj", "{B8E108DF-A717-448C-8139-865CDC402C86}"
EndProject
Global
	GlobalSection(SolutionConfigurationPlatforms) = preSolution
		Debug|Any CPU = Debug|Any CPU
		Release|Any CPU = Release|Any CPU
	EndGlobalSection
	GlobalSection(ProjectConfigurationPlatforms) = postSolution
		{44B13854-809A-49CA-A1BE-A62CAAA86857}.Debug|Any CPU.ActiveCfg = Debug|Any CPU
		{44B13854-809A-49CA-A1BE-A62CAAA86857}.Debug|Any CPU.Build.0 = Debug|Any CPU
		{44B13854-809A-49CA-A1BE-A62CAAA86857}.Release|Any CPU.ActiveCfg = Release|Any CPU
		{44B13854-809A-49CA-A1BE-A62CAAA86857}.Release|Any CPU.Build.0 = Release|Any CPU
		{D5BF0EF9-3CE2-48B2-A98E-0DFDA89F1FC9}.Debug|Any CPU.ActiveCfg = Debug|Any CPU
		{D5BF0EF9-3CE2-48B2-A98E-0DFDA89F1FC9}.Debug|Any CPU.Build.0 = Debug|Any CPU
		{D5BF0EF9-3CE2-48B2-A98E-0DFDA89F1FC9}.Release|Any CPU.ActiveCfg = Release|Any CPU
		{D5BF0EF9-3CE2-48B2-A98E-0DFDA89F1FC9}.Release|Any CPU.Build.0 = Release|Any CPU
		{EBE771CB-937C-4C3E-A522-F7C20C62224D}.Debug|Any CPU.ActiveCfg = Debug|Any CPU
		{EBE771CB-937C-4C3E-A522-F7C20C62224D}.Debug|Any CPU.Build.0 = Debug|Any CPU
		{EBE771CB-937C-4C3E-A522-F7C20C62224D}.Release|Any CPU.ActiveCfg = Release|Any CPU
		{EBE771CB-937C-4C3E-A522-F7C20C62224D}.Release|Any CPU.Build.0 = Release|Any CPU
		{B8E108DF-A717-448C-8139-865CDC402C86}.Debug|Any CPU.ActiveCfg = Debug|Any CPU
		{B8E108DF-A717-448C-8139-865CDC402C86}.Debug|Any CPU.Build.0 = Debug|Any CPU
		{B8E108DF-A717-448C-8139-865CDC402C86}.Release|Any CPU.ActiveCfg = Release|Any CPU
		{B8E108DF-A717-448C-8139-865CDC402C86}.Release|Any CPU.Build.0 = Release|Any CPU
	EndGlobalSection
	GlobalSection(SolutionProperties) = preSolution
		HideSolutionNode = FALSE
	EndGlobalSection
	GlobalSection(NestedProjects) = preSolution
		{44B13854-809A-49CA-A1BE-A62CAAA86857} = {8588B8C1-220A-4C61-8840-3F05FFD32AF3}
		{D5BF0EF9-3CE2-48B2-A98E-0DFDA89F1FC9} = {8588B8C1-220A-4C61-8840-3F05FFD32AF3}
		{EBE771CB-937C-4C3E-A522-F7C20C62224D} = {8588B8C1-220A-4C61-8840-3F05FFD32AF3}
		{B8E108DF-A717-448C-8139-865CDC402C86} = {8588B8C1-220A-4C61-8840-3F05FFD32AF3}
	EndGlobalSection
	GlobalSection(ExtensibilityGlobals) = postSolution
		SolutionGuid = {0286005C-4F94-4AE6-8C8C-76FB85F532C6}
	EndGlobalSection
EndGlobal
